
Microsoft Visual Studio Solution File, Format Version 12.00
# Visual Studio Version 16
VisualStudioVersion = 16.0.30804.86
MinimumVisualStudioVersion = 10.0.40219.1
Project("{FAE04EC0-301F-11D3-BF4B-00C04F79EFBC}") = "WebApplication2", "WebApplication2\WebApplication2.csproj", "{D6875B77-44DD-4B2F-B93C-17EB288B03C0}"
EndProject
Global
	GlobalSection(SolutionConfigurationPlatforms) = preSolution
		Debug|Any CPU = Debug|Any CPU
		Release|Any CPU = Release|Any CPU
	EndGlobalSection
	GlobalSection(ProjectConfigurationPlatforms) = postSolution
		{D6875B77-44DD-4B2F-B93C-17EB288B03C0}.Debug|Any CPU.ActiveCfg = Debug|Any CPU
		{D6875B77-44DD-4B2F-B93C-17EB288B03C0}.Debug|Any CPU.Build.0 = Debug|Any CPU
		{D6875B77-44DD-4B2F-B93C-17EB288B03C0}.Release|Any CPU.ActiveCfg = Release|Any CPU
		{D6875B77-44DD-4B2F-B93C-17EB288B03C0}.Release|Any CPU.Build.0 = Release|Any CPU
	EndGlobalSection
	GlobalSection(SolutionProperties) = preSolution
		HideSolutionNode = FALSE
	EndGlobalSection
	GlobalSection(ExtensibilityGlobals) = postSolution
		SolutionGuid = {8B85E4A6-3CC0-4D55-B764-96A1DA25FDBD}
	EndGlobalSection
EndGlobal
